
Microsoft Visual Studio Solution File, Format Version 12.00
# Visual Studio Version 17
VisualStudioVersion = 17.4.33122.133
MinimumVisualStudioVersion = 10.0.40219.1
Project("{FAE04EC0-301F-11D3-BF4B-00C04F79EFBC}") = "ConwayTest", "ConwayTest\ConwayTest.csproj", "{4CCFA8EE-D32B-4C2D-8153-34D6219CD938}"
EndProject
Project("{FAE04EC0-301F-11D3-BF4B-00C04F79EFBC}") = "ConwayLogicLibrary", "ClassLibrary1\ConwayLogicLibrary.csproj", "{7E2088D3-61C5-4010-BEEF-A48AA244A263}"
EndProject
Project("{FAE04EC0-301F-11D3-BF4B-00C04F79EFBC}") = "ConwayNUnitTests", "ConwayNUnitTests\ConwayNUnitTests.csproj", "{DE274080-94FD-413B-98CA-1F4B4C0A5C5F}"
EndProject
Global
	GlobalSection(SolutionConfigurationPlatforms) = preSolution
		Debug|Any CPU = Debug|Any CPU
		Release|Any CPU = Release|Any CPU
	EndGlobalSection
	GlobalSection(ProjectConfigurationPlatforms) = postSolution
		{4CCFA8EE-D32B-4C2D-8153-34D6219CD938}.Debug|Any CPU.ActiveCfg = Debug|Any CPU
		{4CCFA8EE-D32B-4C2D-8153-34D6219CD938}.Debug|Any CPU.Build.0 = Debug|Any CPU
		{4CCFA8EE-D32B-4C2D-8153-34D6219CD938}.Release|Any CPU.ActiveCfg = Release|Any CPU
		{4CCFA8EE-D32B-4C2D-8153-34D6219CD938}.Release|Any CPU.Build.0 = Release|Any CPU
		{7E2088D3-61C5-4010-BEEF-A48AA244A263}.Debug|Any CPU.ActiveCfg = Debug|Any CPU
		{7E2088D3-61C5-4010-BEEF-A48AA244A263}.Debug|Any CPU.Build.0 = Debug|Any CPU
		{7E2088D3-61C5-4010-BEEF-A48AA244A263}.Release|Any CPU.ActiveCfg = Release|Any CPU
		{7E2088D3-61C5-4010-BEEF-A48AA244A263}.Release|Any CPU.Build.0 = Release|Any CPU
		{DE274080-94FD-413B-98CA-1F4B4C0A5C5F}.Debug|Any CPU.ActiveCfg = Debug|Any CPU
		{DE274080-94FD-413B-98CA-1F4B4C0A5C5F}.Debug|Any CPU.Build.0 = Debug|Any CPU
		{DE274080-94FD-413B-98CA-1F4B4C0A5C5F}.Release|Any CPU.ActiveCfg = Release|Any CPU
		{DE274080-94FD-413B-98CA-1F4B4C0A5C5F}.Release|Any CPU.Build.0 = Release|Any CPU
	EndGlobalSection
	GlobalSection(SolutionProperties) = preSolution
		HideSolutionNode = FALSE
	EndGlobalSection
	GlobalSection(ExtensibilityGlobals) = postSolution
		SolutionGuid = {6F697CCE-5206-41A1-A34C-C0D132EFFCFC}
	EndGlobalSection
EndGlobal
